{
	"name": "@igor.dvlpr/common-color",
	"version": "1.0.0",
	"lockfileVersion": 3,
	"requires": true,
	"packages": {
		"": {
			"name": "@igor.dvlpr/common-color",
			"version": "1.0.0",
			"license": "MIT",
			"engines": {
				"node": ">=20.0"
			},
			"funding": {
				"url": "https://ko-fi.com/igorskyflyer"
			}
		}
	}
}
